
Microsoft Visual Studio Solution File, Format Version 12.00
# Visual Studio Version 16
VisualStudioVersion = 16.0.31829.152
MinimumVisualStudioVersion = 10.0.40219.1
Project("{FAE04EC0-301F-11D3-BF4B-00C04F79EFBC}") = "ConsoleApp2", "ConsoleApp2\ConsoleApp2.csproj", "{295A3BF7-B83C-4F1A-9D27-44D4B667B23A}"
EndProject
Global
	GlobalSection(SolutionConfigurationPlatforms) = preSolution
		Debug|Any CPU = Debug|Any CPU
		Release|Any CPU = Release|Any CPU
	EndGlobalSection
	GlobalSection(ProjectConfigurationPlatforms) = postSolution
		{295A3BF7-B83C-4F1A-9D27-44D4B667B23A}.Debug|Any CPU.ActiveCfg = Debug|Any CPU
		{295A3BF7-B83C-4F1A-9D27-44D4B667B23A}.Debug|Any CPU.Build.0 = Debug|Any CPU
		{295A3BF7-B83C-4F1A-9D27-44D4B667B23A}.Release|Any CPU.ActiveCfg = Release|Any CPU
		{295A3BF7-B83C-4F1A-9D27-44D4B667B23A}.Release|Any CPU.Build.0 = Release|Any CPU
	EndGlobalSection
	GlobalSection(SolutionProperties) = preSolution
		HideSolutionNode = FALSE
	EndGlobalSection
	GlobalSection(ExtensibilityGlobals) = postSolution
		SolutionGuid = {CFEC489A-B9CD-4AD5-8C2B-FB44BD168E10}
	EndGlobalSection
EndGlobal
